// !$*UTF8*$!
{
	archiveVersion = 1;
	classes = {
	};
	objectVersion = 50;
	objects = {

/* Begin PBXBuildFile section */
		D0378BEC22266AF90051B57C /* AppDelegate.swift in Sources */ = {isa = PBXBuildFile; fileRef = D0378BEB22266AF90051B57C /* AppDelegate.swift */; };
		D0378BF122266AF90051B57C /* Main.storyboard in Resources */ = {isa = PBXBuildFile; fileRef = D0378BEF22266AF90051B57C /* Main.storyboard */; };
		D0378BF322266AF90051B57C /* Assets.xcassets in Resources */ = {isa = PBXBuildFile; fileRef = D0378BF222266AF90051B57C /* Assets.xcassets */; };
		D0378BF622266AF90051B57C /* LaunchScreen.storyboard in Resources */ = {isa = PBXBuildFile; fileRef = D0378BF422266AF90051B57C /* LaunchScreen.storyboard */; };
		D0378BFE22266EAA0051B57C /* WelcomeViewController.swift in Sources */ = {isa = PBXBuildFile; fileRef = D0378BFD22266EAA0051B57C /* WelcomeViewController.swift */; };
		D0378C0022266EB60051B57C /* LoginViewController.swift in Sources */ = {isa = PBXBuildFile; fileRef = D0378BFF22266EB60051B57C /* LoginViewController.swift */; };
		D0378C0222266EC10051B57C /* RegisterViewController.swift in Sources */ = {isa = PBXBuildFile; fileRef = D0378C0122266EC10051B57C /* RegisterViewController.swift */; };
/* End PBXBuildFile section */

/* Begin PBXFileReference section */
		D0378BE822266AF90051B57C /* flashChat.app */ = {isa = PBXFileReference; explicitFileType = wrapper.application; includeInIndex = 0; path = flashChat.app; sourceTree = BUILT_PRODUCTS_DIR; };
		D0378BEB22266AF90051B57C /* AppDelegate.swift */ = {isa = PBXFileReference; lastKnownFileType = sourcecode.swift; path = AppDelegate.swift; sourceTree = "<group>"; };
		D0378BF022266AF90051B57C /* Base */ = {isa = PBXFileReference; lastKnownFileType = file.storyboard; name = Base; path = Base.lproj/Main.storyboard; sourceTree = "<group>"; };
		D0378BF222266AF90051B57C /* Assets.xcassets */ = {isa = PBXFileReference; lastKnownFileType = folder.assetcatalog; path = Assets.xcassets; sourceTree = "<group>"; };
		D0378BF522266AF90051B57C /* Base */ = {isa = PBXFileReference; lastKnownFileType = file.storyboard; name = Base; path = Base.lproj/LaunchScreen.storyboard; sourceTree = "<group>"; };
		D0378BF722266AF90051B57C /* Info.plist */ = {isa = PBXFileReference; lastKnownFileType = text.plist.xml; path = Info.plist; sourceTree = "<group>"; };
		D0378BFD22266EAA0051B57C /* WelcomeViewController.swift */ = {isa = PBXFileReference; lastKnownFileType = sourcecode.swift; path = WelcomeViewController.swift; sourceTree = "<group>"; };
		D0378BFF22266EB60051B57C /* LoginViewController.swift */ = {isa = PBXFileReference; lastKnownFileType = sourcecode.swift; path = LoginViewController.swift; sourceTree = "<group>"; };
		D0378C0122266EC10051B57C /* RegisterViewController.swift */ = {isa = PBXFileReference; lastKnownFileType = sourcecode.swift; path = RegisterViewController.swift; sourceTree = "<group>"; };
/* End PBXFileReference section */

/* Begin PBXFrameworksBuildPhase section */
		D0378BE522266AF90051B57C /* Frameworks */ = {
			isa = PBXFrameworksBuildPhase;
			buildActionMask = 2147483647;
			files = (
			);
			runOnlyForDeploymentPostprocessing = 0;
		};
/* End PBXFrameworksBuildPhase section */

/* Begin PBXGroup section */
		D0378BDF22266AF90051B57C = {
			isa = PBXGroup;
			children = (
				D0378BEA22266AF90051B57C /* flashChat */,
				D0378BE922266AF90051B57C /* Products */,
			);
			sourceTree = "<group>";
		};
		D0378BE922266AF90051B57C /* Products */ = {
			isa = PBXGroup;
			children = (
				D0378BE822266AF90051B57C /* flashChat.app */,
			);
			name = Products;
			sourceTree = "<group>";
		};
		D0378BEA22266AF90051B57C /* flashChat */ = {
			isa = PBXGroup;
			children = (
				D0378BEB22266AF90051B57C /* AppDelegate.swift */,
				D0378BEF22266AF90051B57C /* Main.storyboard */,
				D0378BFD22266EAA0051B57C /* WelcomeViewController.swift */,
				D0378BFF22266EB60051B57C /* LoginViewController.swift */,
				D0378C0122266EC10051B57C /* RegisterViewController.swift */,
				D0378BF222266AF90051B57C /* Assets.xcassets */,
				D0378BF422266AF90051B57C /* LaunchScreen.storyboard */,
				D0378BF722266AF90051B57C /* Info.plist */,
			);
			path = flashChat;
			sourceTree = "<group>";
		};
/* End PBXGroup section */

/* Begin PBXNativeTarget section */
		D0378BE722266AF90051B57C /* flashChat */ = {
			isa = PBXNativeTarget;
			buildConfigurationList = D0378BFA22266AF90051B57C /* Build configuration list for PBXNativeTarget "flashChat" */;
			buildPhases = (
				D0378BE422266AF90051B57C /* Sources */,
				D0378BE522266AF90051B57C /* Frameworks */,
				D0378BE622266AF90051B57C /* Resources */,
			);
			buildRules = (
			);
			dependencies = (
			);
			name = flashChat;
			productName = flashChat;
			productReference = D0378BE822266AF90051B57C /* flashChat.app */;
			productType = "com.apple.product-type.application";
		};
/* End PBXNativeTarget section */

/* Begin PBXProject section */
		D0378BE022266AF90051B57C /* Project object */ = {
			isa = PBXProject;
			attributes = {
				LastSwiftUpdateCheck = 1010;
				LastUpgradeCheck = 1010;
				ORGANIZATIONNAME = Excellence;
				TargetAttributes = {
					D0378BE722266AF90051B57C = {
						CreatedOnToolsVersion = 10.1;
					};
				};
			};
			buildConfigurationList = D0378BE322266AF90051B57C /* Build configuration list for PBXProject "flashChat" */;
			compatibilityVersion = "Xcode 9.3";
			developmentRegion = en;
			hasScannedForEncodings = 0;
			knownRegions = (
				en,
				Base,
			);
			mainGroup = D0378BDF22266AF90051B57C;
			productRefGroup = D0378BE922266AF90051B57C /* Products */;
			projectDirPath = "";
			projectRoot = "";
			targets = (
				D0378BE722266AF90051B57C /* flashChat */,
			);
		};
/* End PBXProject section */

/* Begin PBXResourcesBuildPhase section */
		D0378BE622266AF90051B57C /* Resources */ = {
			isa = PBXResourcesBuildPhase;
			buildActionMask = 2147483647;
			files = (
				D0378BF622266AF90051B57C /* LaunchScreen.storyboard in Resources */,
				D0378BF322266AF90051B57C /* Assets.xcassets in Resources */,
				D0378BF122266AF90051B57C /* Main.storyboard in Resources */,
			);
			runOnlyForDeploymentPostprocessing = 0;
		};
/* End PBXResourcesBuildPhase section */

/* Begin PBXSourcesBuildPhase section */
		D0378BE422266AF90051B57C /* Sources */ = {
			isa = PBXSourcesBuildPhase;
			buildActionMask = 2147483647;
			files = (
				D0378C0022266EB60051B57C /* LoginViewController.swift in Sources */,
				D0378C0222266EC10051B57C /* RegisterViewController.swift in Sources */,
				D0378BFE22266EAA0051B57C /* WelcomeViewController.swift in Sources */,
				D0378BEC22266AF90051B57C /* AppDelegate.swift in Sources */,
			);
			runOnlyForDeploymentPostprocessing = 0;
		};
/* End PBXSourcesBuildPhase section */

/* Begin PBXVariantGroup section */
		D0378BEF22266AF90051B57C /* Main.storyboard */ = {
			isa = PBXVariantGroup;
			children = (
				D0378BF022266AF90051B57C /* Base */,
			);
			name = Main.storyboard;
			sourceTree = "<group>";
		};
		D0378BF422266AF90051B57C /* LaunchScreen.storyboard */ = {
			isa = PBXVariantGroup;
			children = (
				D0378BF522266AF90051B57C /* Base */,
			);
			name = LaunchScreen.storyboard;
			sourceTree = "<group>";
		};
/* End PBXVariantGroup section */

/* Begin XCBuildConfiguration section */
		D0378BF822266AF90051B57C /* Debug */ = {
			isa = XCBuildConfiguration;
			buildSettings = {
				ALWAYS_SEARCH_USER_PATHS = NO;
				CLANG_ANALYZER_NONNULL = YES;
				CLANG_ANALYZER_NUMBER_OBJECT_CONVERSION = YES_AGGRESSIVE;
				CLANG_CXX_LANGUAGE_STANDARD = "gnu++14";
				CLANG_CXX_LIBRARY = "libc++";
				CLANG_ENABLE_MODULES = YES;
				CLANG_ENABLE_OBJC_ARC = YES;
				CLANG_ENABLE_OBJC_WEAK = YES;
				CLANG_WARN_BLOCK_CAPTURE_AUTORELEASING = YES;
				CLANG_WARN_BOOL_CONVERSION = YES;
				CLANG_WARN_COMMA = YES;
				CLANG_WARN_CONSTANT_CONVERSION = YES;
				CLANG_WARN_DEPRECATED_OBJC_IMPLEMENTATIONS = YES;
				CLANG_WARN_DIRECT_OBJC_ISA_USAGE = YES_ERROR;
				CLANG_WARN_DOCUMENTATION_COMMENTS = YES;
				CLANG_WARN_EMPTY_BODY = YES;
				CLANG_WARN_ENUM_CONVERSION = YES;
				CLANG_WARN_INFINITE_RECURSION = YES;
				CLANG_WARN_INT_CONVERSION = YES;
				CLANG_WARN_NON_LITERAL_NULL_CONVERSION = YES;
				CLANG_WARN_OBJC_IMPLICIT_RETAIN_SELF = YES;
				CLANG_WARN_OBJC_LITERAL_CONVERSION = YES;
				CLANG_WARN_OBJC_ROOT_CLASS = YES_ERROR;
				CLANG_WARN_RANGE_LOOP_ANALYSIS = YES;
				CLANG_WARN_STRICT_PROTOTYPES = YES;
				CLANG_WARN_SUSPICIOUS_MOVE = YES;
				CLANG_WARN_UNGUARDED_AVAILABILITY = YES_AGGRESSIVE;
				CLANG_WARN_UNREACHABLE_CODE = YES;
				CLANG_WARN__DUPLICATE_METHOD_MATCH = YES;
				CODE_SIGN_IDENTITY = "iPhone Developer";
				COPY_PHASE_STRIP = NO;
				DEBUG_INFORMATION_FORMAT = dwarf;
				ENABLE_STRICT_OBJC_MSGSEND = YES;
				ENABLE_TESTABILITY = YES;
				GCC_C_LANGUAGE_STANDARD = gnu11;
				GCC_DYNAMIC_NO_PIC = NO;
				GCC_NO_COMMON_BLOCKS = YES;
				GCC_OPTIMIZATION_LEVEL = 0;
				GCC_PREPROCESSOR_DEFINITIONS = (
					"DEBUG=1",
					"$(inherited)",
				);
				GCC_WARN_64_TO_32_BIT_CONVERSION = YES;
				GCC_WARN_ABOUT_RETURN_TYPE = YES_ERROR;
				GCC_WARN_UNDECLARED_SELECTOR = YES;
				GCC_WARN_UNINITIALIZED_AUTOS = YES_AGGRESSIVE;
				GCC_WARN_UNUSED_FUNCTION = YES;
				GCC_WARN_UNUSED_VARIABLE = YES;
				IPHONEOS_DEPLOYMENT_TARGET = 12.1;
				MTL_ENABLE_DEBUG_INFO = INCLUDE_SOURCE;
				MTL_FAST_MATH = YES;
				ONLY_ACTIVE_ARCH = YES;
				SDKROOT = iphoneos;
				SWIFT_ACTIVE_COMPILATION_CONDITIONS = DEBUG;
				SWIFT_OPTIMIZATION_LEVEL = "-Onone";
			};
			name = Debug;
		};
		D0378BF922266AF90051B57C /* Release */ = {
			isa = XCBuildConfiguration;
			buildSettings = {
				ALWAYS_SEARCH_USER_PATHS = NO;
				CLANG_ANALYZER_NONNULL = YES;
				CLANG_ANALYZER_NUMBER_OBJECT_CONVERSION = YES_AGGRESSIVE;
				CLANG_CXX_LANGUAGE_STANDARD = "gnu++14";
				CLANG_CXX_LIBRARY = "libc++";
				CLANG_ENABLE_MODULES = YES;
				CLANG_ENABLE_OBJC_ARC = YES;
				CLANG_ENABLE_OBJC_WEAK = YES;
				CLANG_WARN_BLOCK_CAPTURE_AUTORELEASING = YES;
				CLANG_WARN_BOOL_CONVERSION = YES;
				CLANG_WARN_COMMA = YES;
				CLANG_WARN_CONSTANT_CONVERSION = YES;
				CLANG_WARN_DEPRECATED_OBJC_IMPLEMENTATIONS = YES;
				CLANG_WARN_DIRECT_OBJC_ISA_USAGE = YES_ERROR;
				CLANG_WARN_DOCUMENTATION_COMMENTS = YES;
				CLANG_WARN_EMPTY_BODY = YES;
				CLANG_WARN_ENUM_CONVERSION = YES;
				CLANG_WARN_INFINITE_RECURSION = YES;
				CLANG_WARN_INT_CONVERSION = YES;
				CLANG_WARN_NON_LITERAL_NULL_CONVERSION = YES;
				CLANG_WARN_OBJC_IMPLICIT_RETAIN_SELF = YES;
				CLANG_WARN_OBJC_LITERAL_CONVERSION = YES;
				CLANG_WARN_OBJC_ROOT_CLASS = YES_ERROR;
				CLANG_WARN_RANGE_LOOP_ANALYSIS = YES;
				CLANG_WARN_STRICT_PROTOTYPES = YES;
				CLANG_WARN_SUSPICIOUS_MOVE = YES;
				CLANG_WARN_UNGUARDED_AVAILABILITY = YES_AGGRESSIVE;
				CLANG_WARN_UNREACHABLE_CODE = YES;
				CLANG_WARN__DUPLICATE_METHOD_MATCH = YES;
				CODE_SIGN_IDENTITY = "iPhone Developer";
				COPY_PHASE_STRIP = NO;
				DEBUG_INFORMATION_FORMAT = "dwarf-with-dsym";
				ENABLE_NS_ASSERTIONS = NO;
				ENABLE_STRICT_OBJC_MSGSEND = YES;
				GCC_C_LANGUAGE_STANDARD = gnu11;
				GCC_NO_COMMON_BLOCKS = YES;
				GCC_WARN_64_TO_32_BIT_CONVERSION = YES;
				GCC_WARN_ABOUT_RETURN_TYPE = YES_ERROR;
				GCC_WARN_UNDECLARED_SELECTOR = YES;
				GCC_WARN_UNINITIALIZED_AUTOS = YES_AGGRESSIVE;
				GCC_WARN_UNUSED_FUNCTION = YES;
				GCC_WARN_UNUSED_VARIABLE = YES;
				IPHONEOS_DEPLOYMENT_TARGET = 12.1;
				MTL_ENABLE_DEBUG_INFO = NO;
				MTL_FAST_MATH = YES;
				SDKROOT = iphoneos;
				SWIFT_COMPILATION_MODE = wholemodule;
				SWIFT_OPTIMIZATION_LEVEL = "-O";
				VALIDATE_PRODUCT = YES;
			};
			name = Release;
		};
		D0378BFB22266AF90051B57C /* Debug */ = {
			isa = XCBuildConfiguration;
			buildSettings = {
				ASSETCATALOG_COMPILER_APPICON_NAME = AppIcon;
				CODE_SIGN_STYLE = Automatic;
				DEVELOPMENT_TEAM = 3LP6667S74;
				INFOPLIST_FILE = flashChat/Info.plist;
				LD_RUNPATH_SEARCH_PATHS = (
					"$(inherited)",
					"@executable_path/Frameworks",
				);
				PRODUCT_BUNDLE_IDENTIFIER = Excellence.flashChat;
				PRODUCT_NAME = "$(TARGET_NAME)";
				SWIFT_VERSION = 4.2;
				TARGETED_DEVICE_FAMILY = "1,2";
			};
			name = Debug;
		};
		D0378BFC22266AF90051B57C /* Release */ = {
			isa = XCBuildConfiguration;
			buildSettings = {
				ASSETCATALOG_COMPILER_APPICON_NAME = AppIcon;
				CODE_SIGN_STYLE = Automatic;
				DEVELOPMENT_TEAM = 3LP6667S74;
				INFOPLIST_FILE = flashChat/Info.plist;
				LD_RUNPATH_SEARCH_PATHS = (
					"$(inherited)",
					"@executable_path/Frameworks",
				);
				PRODUCT_BUNDLE_IDENTIFIER = Excellence.flashChat;
				PRODUCT_NAME = "$(TARGET_NAME)";
				SWIFT_VERSION = 4.2;
				TARGETED_DEVICE_FAMILY = "1,2";
			};
			name = Release;
		};
/* End XCBuildConfiguration section */

/* Begin XCConfigurationList section */
		D0378BE322266AF90051B57C /* Build configuration list for PBXProject "flashChat" */ = {
			isa = XCConfigurationList;
			buildConfigurations = (
				D0378BF822266AF90051B57C /* Debug */,
				D0378BF922266AF90051B57C /* Release */,
			);
			defaultConfigurationIsVisible = 0;
			defaultConfigurationName = Release;
		};
		D0378BFA22266AF90051B57C /* Build configuration list for PBXNativeTarget "flashChat" */ = {
			isa = XCConfigurationList;
			buildConfigurations = (
				D0378BFB22266AF90051B57C /* Debug */,
				D0378BFC22266AF90051B57C /* Release */,
			);
			defaultConfigurationIsVisible = 0;
			defaultConfigurationName = Release;
		};
/* End XCConfigurationList section */
	};
	rootObject = D0378BE022266AF90051B57C /* Project object */;
}
